
Microsoft Visual Studio Solution File, Format Version 12.00
# Visual Studio Version 16
VisualStudioVersion = 16.0.31515.178
MinimumVisualStudioVersion = 10.0.40219.1
Project("{8BC9CEB8-8B4A-11D0-8D11-00A0C91BC942}") = "VACATION 1", "VACATION 1\VACATION 1.vcxproj", "{41364D2D-F293-4003-A1A5-D098711FABC4}"
EndProject
Global
	GlobalSection(SolutionConfigurationPlatforms) = preSolution
		Debug|x64 = Debug|x64
		Debug|x86 = Debug|x86
		Release|x64 = Release|x64
		Release|x86 = Release|x86
	EndGlobalSection
	GlobalSection(ProjectConfigurationPlatforms) = postSolution
		{41364D2D-F293-4003-A1A5-D098711FABC4}.Debug|x64.ActiveCfg = Debug|x64
		{41364D2D-F293-4003-A1A5-D098711FABC4}.Debug|x64.Build.0 = Debug|x64
		{41364D2D-F293-4003-A1A5-D098711FABC4}.Debug|x86.ActiveCfg = Debug|Win32
		{41364D2D-F293-4003-A1A5-D098711FABC4}.Debug|x86.Build.0 = Debug|Win32
		{41364D2D-F293-4003-A1A5-D098711FABC4}.Release|x64.ActiveCfg = Release|x64
		{41364D2D-F293-4003-A1A5-D098711FABC4}.Release|x64.Build.0 = Release|x64
		{41364D2D-F293-4003-A1A5-D098711FABC4}.Release|x86.ActiveCfg = Release|Win32
		{41364D2D-F293-4003-A1A5-D098711FABC4}.Release|x86.Build.0 = Release|Win32
	EndGlobalSection
	GlobalSection(SolutionProperties) = preSolution
		HideSolutionNode = FALSE
	EndGlobalSection
	GlobalSection(ExtensibilityGlobals) = postSolution
		SolutionGuid = {10FEB2AD-AD3C-4CFB-81E1-4DF07A25BBCC}
	EndGlobalSection
EndGlobal
